<?xml version="1.0" encoding="UTF-8" standalone="yes" ?>
<CodeBlocks_project_file>
   <FileVersion major="1" minor="6" />
   <Project>
      <Option title="Tactobot_hardcode" />
      <Option makefile_is_custom="1" />
      <Option compiler="gcc" />
      <Option virtualFolders="CMake Files\;" />
      <Build>
      <Target title="all">
         <Option working_dir="/home/cs225a-wam/Documents/scl-tactobot/tactobot/tactobot_actual_bot/qt_build" />
         <Option type="4" />
         <MakeCommands>
            <Build command="/usr/bin/make -f &quot;/home/cs225a-wam/Documents/scl-tactobot/tactobot/tactobot_actual_bot/qt_build/Makefile&quot;  VERBOSE=1 all" />
            <CompileFile command="/usr/bin/make -f &quot;/home/cs225a-wam/Documents/scl-tactobot/tactobot/tactobot_actual_bot/qt_build/Makefile&quot;  VERBOSE=1 &quot;$file&quot;" />
            <Clean command="/usr/bin/make -f &quot;/home/cs225a-wam/Documents/scl-tactobot/tactobot/tactobot_actual_bot/qt_build/Makefile&quot;  VERBOSE=1 clean" />
            <DistClean command="/usr/bin/make -f &quot;/home/cs225a-wam/Documents/scl-tactobot/tactobot/tactobot_actual_bot/qt_build/Makefile&quot;  VERBOSE=1 clean" />
         </MakeCommands>
      </Target>
      <Target title="OptiTrack">
         <Option output="/home/cs225a-wam/Documents/scl-tactobot/tactobot/tactobot_actual_bot/qt_build/libOptiTrack.a" prefix_auto="0" extension_auto="0" />
         <Option working_dir="/home/cs225a-wam/Documents/scl-tactobot/tactobot/tactobot_actual_bot/qt_build" />
         <Option object_output="./" />
         <Option type="2" />
         <Option compiler="gcc" />
         <Compiler>
            <Add option="-DTIXML_USE_STL" />
            <Add option="-D_LINUX" />
            <Add option="-DLINUX" />
            <Add directory="/home/cs225a-wam/Documents/scl-tactobot/tactobot/tactobot_actual_bot/../../3rdparty/TypeIVRML1.2.8_Academic/include" />
            <Add directory="/home/cs225a-wam/Documents/scl-tactobot/tactobot/tactobot_actual_bot/../../3rdparty/chai3d-3.0/chai3d" />
            <Add directory="/home/cs225a-wam/Documents/scl-tactobot/tactobot/tactobot_actual_bot/../../3rdparty/eigen" />
            <Add directory="/home/cs225a-wam/Documents/scl-tactobot/tactobot/tactobot_actual_bot/../../3rdparty/sUtil/src" />
            <Add directory="/home/cs225a-wam/Documents/scl-tactobot/tactobot/tactobot_actual_bot/../../3rdparty/tinyxml" />
            <Add directory="/home/cs225a-wam/Documents/scl-tactobot/tactobot/tactobot_actual_bot/../../src" />
            <Add directory="/home/cs225a-wam/Documents/scl-tactobot/tactobot/tactobot_actual_bot/../../src/scl" />
            <Add directory="/home/cs225a-wam/Documents/scl-tactobot/tactobot/tactobot_actual_bot/../../src/scl/dynamics/tao" />
            <Add directory="/home/cs225a-wam/Documents/scl-tactobot/tactobot/tactobot_actual_bot/optitrack/include" />
            <Add directory="/usr/include" />
            <Add directory="/usr/include/c++/4.8" />
            <Add directory="/usr/include/c++/4.8/backward" />
            <Add directory="/usr/include/x86_64-linux-gnu" />
            <Add directory="/usr/include/x86_64-linux-gnu/c++/4.8/." />
            <Add directory="/usr/lib/gcc/x86_64-linux-gnu/4.8/include" />
            <Add directory="/usr/lib/gcc/x86_64-linux-gnu/4.8/include-fixed" />
            <Add directory="/usr/local/include" />
         </Compiler>
         <MakeCommands>
            <Build command="/usr/bin/make -f &quot;/home/cs225a-wam/Documents/scl-tactobot/tactobot/tactobot_actual_bot/qt_build/Makefile&quot;  VERBOSE=1 OptiTrack" />
            <CompileFile command="/usr/bin/make -f &quot;/home/cs225a-wam/Documents/scl-tactobot/tactobot/tactobot_actual_bot/qt_build/Makefile&quot;  VERBOSE=1 &quot;$file&quot;" />
            <Clean command="/usr/bin/make -f &quot;/home/cs225a-wam/Documents/scl-tactobot/tactobot/tactobot_actual_bot/qt_build/Makefile&quot;  VERBOSE=1 clean" />
            <DistClean command="/usr/bin/make -f &quot;/home/cs225a-wam/Documents/scl-tactobot/tactobot/tactobot_actual_bot/qt_build/Makefile&quot;  VERBOSE=1 clean" />
         </MakeCommands>
      </Target>
      <Target title="OptiTrack/fast">
         <Option output="/home/cs225a-wam/Documents/scl-tactobot/tactobot/tactobot_actual_bot/qt_build/libOptiTrack.a" prefix_auto="0" extension_auto="0" />
         <Option working_dir="/home/cs225a-wam/Documents/scl-tactobot/tactobot/tactobot_actual_bot/qt_build" />
         <Option object_output="./" />
         <Option type="2" />
         <Option compiler="gcc" />
         <Compiler>
            <Add option="-DTIXML_USE_STL" />
            <Add option="-D_LINUX" />
            <Add option="-DLINUX" />
            <Add directory="/home/cs225a-wam/Documents/scl-tactobot/tactobot/tactobot_actual_bot/../../3rdparty/TypeIVRML1.2.8_Academic/include" />
            <Add directory="/home/cs225a-wam/Documents/scl-tactobot/tactobot/tactobot_actual_bot/../../3rdparty/chai3d-3.0/chai3d" />
            <Add directory="/home/cs225a-wam/Documents/scl-tactobot/tactobot/tactobot_actual_bot/../../3rdparty/eigen" />
            <Add directory="/home/cs225a-wam/Documents/scl-tactobot/tactobot/tactobot_actual_bot/../../3rdparty/sUtil/src" />
            <Add directory="/home/cs225a-wam/Documents/scl-tactobot/tactobot/tactobot_actual_bot/../../3rdparty/tinyxml" />
            <Add directory="/home/cs225a-wam/Documents/scl-tactobot/tactobot/tactobot_actual_bot/../../src" />
            <Add directory="/home/cs225a-wam/Documents/scl-tactobot/tactobot/tactobot_actual_bot/../../src/scl" />
            <Add directory="/home/cs225a-wam/Documents/scl-tactobot/tactobot/tactobot_actual_bot/../../src/scl/dynamics/tao" />
            <Add directory="/home/cs225a-wam/Documents/scl-tactobot/tactobot/tactobot_actual_bot/optitrack/include" />
            <Add directory="/usr/include" />
            <Add directory="/usr/include/c++/4.8" />
            <Add directory="/usr/include/c++/4.8/backward" />
            <Add directory="/usr/include/x86_64-linux-gnu" />
            <Add directory="/usr/include/x86_64-linux-gnu/c++/4.8/." />
            <Add directory="/usr/lib/gcc/x86_64-linux-gnu/4.8/include" />
            <Add directory="/usr/lib/gcc/x86_64-linux-gnu/4.8/include-fixed" />
            <Add directory="/usr/local/include" />
         </Compiler>
         <MakeCommands>
            <Build command="/usr/bin/make -f &quot;/home/cs225a-wam/Documents/scl-tactobot/tactobot/tactobot_actual_bot/qt_build/Makefile&quot;  VERBOSE=1 OptiTrack/fast" />
            <CompileFile command="/usr/bin/make -f &quot;/home/cs225a-wam/Documents/scl-tactobot/tactobot/tactobot_actual_bot/qt_build/Makefile&quot;  VERBOSE=1 &quot;$file&quot;" />
            <Clean command="/usr/bin/make -f &quot;/home/cs225a-wam/Documents/scl-tactobot/tactobot/tactobot_actual_bot/qt_build/Makefile&quot;  VERBOSE=1 clean" />
            <DistClean command="/usr/bin/make -f &quot;/home/cs225a-wam/Documents/scl-tactobot/tactobot/tactobot_actual_bot/qt_build/Makefile&quot;  VERBOSE=1 clean" />
         </MakeCommands>
      </Target>
      <Target title="rebuild_cache">
         <Option working_dir="/home/cs225a-wam/Documents/scl-tactobot/tactobot/tactobot_actual_bot/qt_build" />
         <Option type="4" />
         <MakeCommands>
            <Build command="/usr/bin/make -f &quot;/home/cs225a-wam/Documents/scl-tactobot/tactobot/tactobot_actual_bot/qt_build/Makefile&quot;  VERBOSE=1 rebuild_cache" />
            <CompileFile command="/usr/bin/make -f &quot;/home/cs225a-wam/Documents/scl-tactobot/tactobot/tactobot_actual_bot/qt_build/Makefile&quot;  VERBOSE=1 &quot;$file&quot;" />
            <Clean command="/usr/bin/make -f &quot;/home/cs225a-wam/Documents/scl-tactobot/tactobot/tactobot_actual_bot/qt_build/Makefile&quot;  VERBOSE=1 clean" />
            <DistClean command="/usr/bin/make -f &quot;/home/cs225a-wam/Documents/scl-tactobot/tactobot/tactobot_actual_bot/qt_build/Makefile&quot;  VERBOSE=1 clean" />
         </MakeCommands>
      </Target>
      <Target title="scl_tutorial5_control_multi_task">
         <Option output="/home/cs225a-wam/Documents/scl-tactobot/tactobot/tactobot_actual_bot/qt_build/scl_tutorial5_control_multi_task" prefix_auto="0" extension_auto="0" />
         <Option working_dir="/home/cs225a-wam/Documents/scl-tactobot/tactobot/tactobot_actual_bot/qt_build" />
         <Option object_output="./" />
         <Option type="1" />
         <Option compiler="gcc" />
         <Compiler>
            <Add option="-DTIXML_USE_STL" />
            <Add option="-D_LINUX" />
            <Add option="-DLINUX" />
            <Add directory="/home/cs225a-wam/Documents/scl-tactobot/tactobot/tactobot_actual_bot/../../3rdparty/TypeIVRML1.2.8_Academic/include" />
            <Add directory="/home/cs225a-wam/Documents/scl-tactobot/tactobot/tactobot_actual_bot/../../3rdparty/chai3d-3.0/chai3d" />
            <Add directory="/home/cs225a-wam/Documents/scl-tactobot/tactobot/tactobot_actual_bot/../../3rdparty/eigen" />
            <Add directory="/home/cs225a-wam/Documents/scl-tactobot/tactobot/tactobot_actual_bot/../../3rdparty/sUtil/src" />
            <Add directory="/home/cs225a-wam/Documents/scl-tactobot/tactobot/tactobot_actual_bot/../../3rdparty/tinyxml" />
            <Add directory="/home/cs225a-wam/Documents/scl-tactobot/tactobot/tactobot_actual_bot/../../src" />
            <Add directory="/home/cs225a-wam/Documents/scl-tactobot/tactobot/tactobot_actual_bot/../../src/scl" />
            <Add directory="/home/cs225a-wam/Documents/scl-tactobot/tactobot/tactobot_actual_bot/../../src/scl/dynamics/tao" />
            <Add directory="/home/cs225a-wam/Documents/scl-tactobot/tactobot/tactobot_actual_bot/optitrack/include" />
            <Add directory="/usr/include" />
            <Add directory="/usr/include/c++/4.8" />
            <Add directory="/usr/include/c++/4.8/backward" />
            <Add directory="/usr/include/x86_64-linux-gnu" />
            <Add directory="/usr/include/x86_64-linux-gnu/c++/4.8/." />
            <Add directory="/usr/lib/gcc/x86_64-linux-gnu/4.8/include" />
            <Add directory="/usr/lib/gcc/x86_64-linux-gnu/4.8/include-fixed" />
            <Add directory="/usr/local/include" />
         </Compiler>
         <MakeCommands>
            <Build command="/usr/bin/make -f &quot;/home/cs225a-wam/Documents/scl-tactobot/tactobot/tactobot_actual_bot/qt_build/Makefile&quot;  VERBOSE=1 scl_tutorial5_control_multi_task" />
            <CompileFile command="/usr/bin/make -f &quot;/home/cs225a-wam/Documents/scl-tactobot/tactobot/tactobot_actual_bot/qt_build/Makefile&quot;  VERBOSE=1 &quot;$file&quot;" />
            <Clean command="/usr/bin/make -f &quot;/home/cs225a-wam/Documents/scl-tactobot/tactobot/tactobot_actual_bot/qt_build/Makefile&quot;  VERBOSE=1 clean" />
            <DistClean command="/usr/bin/make -f &quot;/home/cs225a-wam/Documents/scl-tactobot/tactobot/tactobot_actual_bot/qt_build/Makefile&quot;  VERBOSE=1 clean" />
         </MakeCommands>
      </Target>
      <Target title="scl_tutorial5_control_multi_task/fast">
         <Option output="/home/cs225a-wam/Documents/scl-tactobot/tactobot/tactobot_actual_bot/qt_build/scl_tutorial5_control_multi_task" prefix_auto="0" extension_auto="0" />
         <Option working_dir="/home/cs225a-wam/Documents/scl-tactobot/tactobot/tactobot_actual_bot/qt_build" />
         <Option object_output="./" />
         <Option type="1" />
         <Option compiler="gcc" />
         <Compiler>
            <Add option="-DTIXML_USE_STL" />
            <Add option="-D_LINUX" />
            <Add option="-DLINUX" />
            <Add directory="/home/cs225a-wam/Documents/scl-tactobot/tactobot/tactobot_actual_bot/../../3rdparty/TypeIVRML1.2.8_Academic/include" />
            <Add directory="/home/cs225a-wam/Documents/scl-tactobot/tactobot/tactobot_actual_bot/../../3rdparty/chai3d-3.0/chai3d" />
            <Add directory="/home/cs225a-wam/Documents/scl-tactobot/tactobot/tactobot_actual_bot/../../3rdparty/eigen" />
            <Add directory="/home/cs225a-wam/Documents/scl-tactobot/tactobot/tactobot_actual_bot/../../3rdparty/sUtil/src" />
            <Add directory="/home/cs225a-wam/Documents/scl-tactobot/tactobot/tactobot_actual_bot/../../3rdparty/tinyxml" />
            <Add directory="/home/cs225a-wam/Documents/scl-tactobot/tactobot/tactobot_actual_bot/../../src" />
            <Add directory="/home/cs225a-wam/Documents/scl-tactobot/tactobot/tactobot_actual_bot/../../src/scl" />
            <Add directory="/home/cs225a-wam/Documents/scl-tactobot/tactobot/tactobot_actual_bot/../../src/scl/dynamics/tao" />
            <Add directory="/home/cs225a-wam/Documents/scl-tactobot/tactobot/tactobot_actual_bot/optitrack/include" />
            <Add directory="/usr/include" />
            <Add directory="/usr/include/c++/4.8" />
            <Add directory="/usr/include/c++/4.8/backward" />
            <Add directory="/usr/include/x86_64-linux-gnu" />
            <Add directory="/usr/include/x86_64-linux-gnu/c++/4.8/." />
            <Add directory="/usr/lib/gcc/x86_64-linux-gnu/4.8/include" />
            <Add directory="/usr/lib/gcc/x86_64-linux-gnu/4.8/include-fixed" />
            <Add directory="/usr/local/include" />
         </Compiler>
         <MakeCommands>
            <Build command="/usr/bin/make -f &quot;/home/cs225a-wam/Documents/scl-tactobot/tactobot/tactobot_actual_bot/qt_build/Makefile&quot;  VERBOSE=1 scl_tutorial5_control_multi_task/fast" />
            <CompileFile command="/usr/bin/make -f &quot;/home/cs225a-wam/Documents/scl-tactobot/tactobot/tactobot_actual_bot/qt_build/Makefile&quot;  VERBOSE=1 &quot;$file&quot;" />
            <Clean command="/usr/bin/make -f &quot;/home/cs225a-wam/Documents/scl-tactobot/tactobot/tactobot_actual_bot/qt_build/Makefile&quot;  VERBOSE=1 clean" />
            <DistClean command="/usr/bin/make -f &quot;/home/cs225a-wam/Documents/scl-tactobot/tactobot/tactobot_actual_bot/qt_build/Makefile&quot;  VERBOSE=1 clean" />
         </MakeCommands>
      </Target>
      </Build>
      <Unit filename="/home/cs225a-wam/Documents/scl-tactobot/src/scl/graphics/chai/CGraphicsChai.cpp">
      </Unit>
      <Unit filename="/home/cs225a-wam/Documents/scl-tactobot/src/scl/graphics/chai/ChaiGlutHandlers.cpp">
      </Unit>
      <Unit filename="/home/cs225a-wam/Documents/scl-tactobot/tactobot/tactobot_actual_bot/CTaskOpOri.cpp">
      </Unit>
      <Unit filename="/home/cs225a-wam/Documents/scl-tactobot/tactobot/tactobot_actual_bot/STaskOpOri.cpp">
      </Unit>
      <Unit filename="/home/cs225a-wam/Documents/scl-tactobot/tactobot/tactobot_actual_bot/optitrack/src/OptiTrack.cpp">
      </Unit>
      <Unit filename="/home/cs225a-wam/Documents/scl-tactobot/tactobot/tactobot_actual_bot/scl_tutorial5_control_multi_task.cpp">
      </Unit>
      <Unit filename="/home/cs225a-wam/Documents/scl-tactobot/src/scl/graphics/chai/CGraphicsChai.hpp">
      </Unit>
      <Unit filename="/home/cs225a-wam/Documents/scl-tactobot/src/scl/graphics/chai/ChaiGlutHandlers.hpp">
      </Unit>
      <Unit filename="/home/cs225a-wam/Documents/scl-tactobot/tactobot/tactobot_actual_bot/CTaskOpOri.hpp">
      </Unit>
      <Unit filename="/home/cs225a-wam/Documents/scl-tactobot/tactobot/tactobot_actual_bot/STaskOpOri.hpp">
      </Unit>
      <Unit filename="/home/cs225a-wam/Documents/scl-tactobot/tactobot/tactobot_actual_bot/CMakeLists.txt">
          <Option virtualFolder="CMake Files\" />
      </Unit>
   </Project>
</CodeBlocks_project_file>
